
Microsoft Visual Studio Solution File, Format Version 12.00
# Visual Studio Version 17
VisualStudioVersion = 17.1.32319.34
MinimumVisualStudioVersion = 10.0.40219.1
Project("{FAE04EC0-301F-11D3-BF4B-00C04F79EFBC}") = "sweeft", "sweeft\sweeft.csproj", "{972A0182-ED08-4B9F-886D-C6A19404ACBB}"
EndProject
Global
	GlobalSection(SolutionConfigurationPlatforms) = preSolution
		Debug|Any CPU = Debug|Any CPU
		Release|Any CPU = Release|Any CPU
	EndGlobalSection
	GlobalSection(ProjectConfigurationPlatforms) = postSolution
		{972A0182-ED08-4B9F-886D-C6A19404ACBB}.Debug|Any CPU.ActiveCfg = Debug|Any CPU
		{972A0182-ED08-4B9F-886D-C6A19404ACBB}.Debug|Any CPU.Build.0 = Debug|Any CPU
		{972A0182-ED08-4B9F-886D-C6A19404ACBB}.Release|Any CPU.ActiveCfg = Release|Any CPU
		{972A0182-ED08-4B9F-886D-C6A19404ACBB}.Release|Any CPU.Build.0 = Release|Any CPU
	EndGlobalSection
	GlobalSection(SolutionProperties) = preSolution
		HideSolutionNode = FALSE
	EndGlobalSection
	GlobalSection(ExtensibilityGlobals) = postSolution
		SolutionGuid = {BB3E3936-D78F-4C0A-A247-64459447DA37}
	EndGlobalSection
EndGlobal
